Microsoft Visual Studio Solution File, Format Version 12.00
# Visual Studio 2012
Project("{FAE04EC0-301F-11D3-BF4B-00C04F79EFBC}") = "HDR for 2D", "HDR for 2D.csproj", "{B7CE5DEE-53CD-4232-947A-B2162E2086A0}"
EndProject
Global
	GlobalSection(SolutionConfigurationPlatforms) = preSolution
	Debug|Any CPU = Debug|Any CPU
	ExportDebug|Any CPU = ExportDebug|Any CPU
	ExportRelease|Any CPU = ExportRelease|Any CPU
	EndGlobalSection
	GlobalSection(ProjectConfigurationPlatforms) = postSolution
		{B7CE5DEE-53CD-4232-947A-B2162E2086A0}.Debug|Any CPU.ActiveCfg = Debug|Any CPU
		{B7CE5DEE-53CD-4232-947A-B2162E2086A0}.Debug|Any CPU.Build.0 = Debug|Any CPU
		{B7CE5DEE-53CD-4232-947A-B2162E2086A0}.ExportDebug|Any CPU.ActiveCfg = ExportDebug|Any CPU
		{B7CE5DEE-53CD-4232-947A-B2162E2086A0}.ExportDebug|Any CPU.Build.0 = ExportDebug|Any CPU
		{B7CE5DEE-53CD-4232-947A-B2162E2086A0}.ExportRelease|Any CPU.ActiveCfg = ExportRelease|Any CPU
		{B7CE5DEE-53CD-4232-947A-B2162E2086A0}.ExportRelease|Any CPU.Build.0 = ExportRelease|Any CPU
	EndGlobalSection
EndGlobal
